
Microsoft Visual Studio Solution File, Format Version 12.00
# Visual Studio Version 17
VisualStudioVersion = 17.10.35013.160
MinimumVisualStudioVersion = 10.0.40219.1
Project("{9A19103F-16F7-4668-BE54-9A1E7A4F7556}") = "GitHubActionDemo", "GitHubActionDemo\GitHubActionDemo.csproj", "{C1FD7BF2-B7D2-43E8-8ACA-4332EC07D16D}"
EndProject
Project("{2150E333-8FDC-42A3-9474-1A3956D46DE8}") = "Source", "Source", "{549C0689-4FCB-4EEA-BF07-2F620546A4EC}"
EndProject
Project("{2150E333-8FDC-42A3-9474-1A3956D46DE8}") = "Infrastructure", "Infrastructure", "{5595F05C-1C5F-4A21-9974-A5D9660BB5A9}"
EndProject
Project("{FAE04EC0-301F-11D3-BF4B-00C04F79EFBC}") = "Infrastructure", "Infrastructure\Infrastructure.csproj", "{BAC6C919-0E24-448C-B741-229305CA880C}"
EndProject
Project("{2150E333-8FDC-42A3-9474-1A3956D46DE8}") = "Core", "Core", "{FD8B054F-61F8-4AAD-B81B-025CAEE446DC}"
EndProject
Project("{FAE04EC0-301F-11D3-BF4B-00C04F79EFBC}") = "Domain", "Domain\Domain.csproj", "{FDDC9BFB-C3B2-4AE5-BC0B-2D6748D15407}"
EndProject
Project("{FAE04EC0-301F-11D3-BF4B-00C04F79EFBC}") = "Data", "Data\Data.csproj", "{E219CFE6-572C-4247-B059-DF0D1559F4E9}"
EndProject
Project("{FAE04EC0-301F-11D3-BF4B-00C04F79EFBC}") = "Application", "Application\Application.csproj", "{EADD1B54-1FCF-41AD-B544-847DBC9E248D}"
EndProject
Global
	GlobalSection(SolutionConfigurationPlatforms) = preSolution
		Debug|Any CPU = Debug|Any CPU
		Release|Any CPU = Release|Any CPU
	EndGlobalSection
	GlobalSection(ProjectConfigurationPlatforms) = postSolution
		{C1FD7BF2-B7D2-43E8-8ACA-4332EC07D16D}.Debug|Any CPU.ActiveCfg = Debug|Any CPU
		{C1FD7BF2-B7D2-43E8-8ACA-4332EC07D16D}.Debug|Any CPU.Build.0 = Debug|Any CPU
		{C1FD7BF2-B7D2-43E8-8ACA-4332EC07D16D}.Release|Any CPU.ActiveCfg = Release|Any CPU
		{C1FD7BF2-B7D2-43E8-8ACA-4332EC07D16D}.Release|Any CPU.Build.0 = Release|Any CPU
		{BAC6C919-0E24-448C-B741-229305CA880C}.Debug|Any CPU.ActiveCfg = Debug|Any CPU
		{BAC6C919-0E24-448C-B741-229305CA880C}.Debug|Any CPU.Build.0 = Debug|Any CPU
		{BAC6C919-0E24-448C-B741-229305CA880C}.Release|Any CPU.ActiveCfg = Release|Any CPU
		{BAC6C919-0E24-448C-B741-229305CA880C}.Release|Any CPU.Build.0 = Release|Any CPU
		{FDDC9BFB-C3B2-4AE5-BC0B-2D6748D15407}.Debug|Any CPU.ActiveCfg = Debug|Any CPU
		{FDDC9BFB-C3B2-4AE5-BC0B-2D6748D15407}.Debug|Any CPU.Build.0 = Debug|Any CPU
		{FDDC9BFB-C3B2-4AE5-BC0B-2D6748D15407}.Release|Any CPU.ActiveCfg = Release|Any CPU
		{FDDC9BFB-C3B2-4AE5-BC0B-2D6748D15407}.Release|Any CPU.Build.0 = Release|Any CPU
		{E219CFE6-572C-4247-B059-DF0D1559F4E9}.Debug|Any CPU.ActiveCfg = Debug|Any CPU
		{E219CFE6-572C-4247-B059-DF0D1559F4E9}.Debug|Any CPU.Build.0 = Debug|Any CPU
		{E219CFE6-572C-4247-B059-DF0D1559F4E9}.Release|Any CPU.ActiveCfg = Release|Any CPU
		{E219CFE6-572C-4247-B059-DF0D1559F4E9}.Release|Any CPU.Build.0 = Release|Any CPU
		{EADD1B54-1FCF-41AD-B544-847DBC9E248D}.Debug|Any CPU.ActiveCfg = Debug|Any CPU
		{EADD1B54-1FCF-41AD-B544-847DBC9E248D}.Debug|Any CPU.Build.0 = Debug|Any CPU
		{EADD1B54-1FCF-41AD-B544-847DBC9E248D}.Release|Any CPU.ActiveCfg = Release|Any CPU
		{EADD1B54-1FCF-41AD-B544-847DBC9E248D}.Release|Any CPU.Build.0 = Release|Any CPU
	EndGlobalSection
	GlobalSection(SolutionProperties) = preSolution
		HideSolutionNode = FALSE
	EndGlobalSection
	GlobalSection(NestedProjects) = preSolution
		{5595F05C-1C5F-4A21-9974-A5D9660BB5A9} = {549C0689-4FCB-4EEA-BF07-2F620546A4EC}
		{BAC6C919-0E24-448C-B741-229305CA880C} = {5595F05C-1C5F-4A21-9974-A5D9660BB5A9}
		{FD8B054F-61F8-4AAD-B81B-025CAEE446DC} = {549C0689-4FCB-4EEA-BF07-2F620546A4EC}
		{FDDC9BFB-C3B2-4AE5-BC0B-2D6748D15407} = {FD8B054F-61F8-4AAD-B81B-025CAEE446DC}
		{E219CFE6-572C-4247-B059-DF0D1559F4E9} = {5595F05C-1C5F-4A21-9974-A5D9660BB5A9}
		{EADD1B54-1FCF-41AD-B544-847DBC9E248D} = {FD8B054F-61F8-4AAD-B81B-025CAEE446DC}
	EndGlobalSection
	GlobalSection(ExtensibilityGlobals) = postSolution
		SolutionGuid = {AB8ACCAC-56C5-40CF-BEF5-17B819A7B2DB}
	EndGlobalSection
EndGlobal
